
Microsoft Visual Studio Solution File, Format Version 12.00
# Visual Studio 15
VisualStudioVersion = 15.0.28307.489
MinimumVisualStudioVersion = 10.0.40219.1
Project("{FAE04EC0-301F-11D3-BF4B-00C04F79EFBC}") = "RazorPagesMovie", "RazorPagesMovie\RazorPagesMovie.csproj", "{BE219242-726B-49C5-8059-32A10665E114}"
EndProject
Global
	GlobalSection(SolutionConfigurationPlatforms) = preSolution
		Debug|Any CPU = Debug|Any CPU
		Release|Any CPU = Release|Any CPU
	EndGlobalSection
	GlobalSection(ProjectConfigurationPlatforms) = postSolution
		{BE219242-726B-49C5-8059-32A10665E114}.Debug|Any CPU.ActiveCfg = Debug|Any CPU
		{BE219242-726B-49C5-8059-32A10665E114}.Debug|Any CPU.Build.0 = Debug|Any CPU
		{BE219242-726B-49C5-8059-32A10665E114}.Release|Any CPU.ActiveCfg = Release|Any CPU
		{BE219242-726B-49C5-8059-32A10665E114}.Release|Any CPU.Build.0 = Release|Any CPU
	EndGlobalSection
	GlobalSection(SolutionProperties) = preSolution
		HideSolutionNode = FALSE
	EndGlobalSection
	GlobalSection(ExtensibilityGlobals) = postSolution
		SolutionGuid = {3260429B-CE42-4CDB-AD7B-E0D5ECDD970B}
	EndGlobalSection
EndGlobal
